
Microsoft Visual Studio Solution File, Format Version 12.00
# Visual Studio Version 17
VisualStudioVersion = 17.5.002.0
MinimumVisualStudioVersion = 10.0.40219.1
Project("{9A19103F-16F7-4668-BE54-9A1E7A4F7556}") = "GameStore.api", "GameStore.api\GameStore.api.csproj", "{895601EC-E09D-40A2-A9CC-73E9031B99F3}"
EndProject
Global
	GlobalSection(SolutionConfigurationPlatforms) = preSolution
		Debug|Any CPU = Debug|Any CPU
		Release|Any CPU = Release|Any CPU
	EndGlobalSection
	GlobalSection(ProjectConfigurationPlatforms) = postSolution
		{895601EC-E09D-40A2-A9CC-73E9031B99F3}.Debug|Any CPU.ActiveCfg = Debug|Any CPU
		{895601EC-E09D-40A2-A9CC-73E9031B99F3}.Debug|Any CPU.Build.0 = Debug|Any CPU
		{895601EC-E09D-40A2-A9CC-73E9031B99F3}.Release|Any CPU.ActiveCfg = Release|Any CPU
		{895601EC-E09D-40A2-A9CC-73E9031B99F3}.Release|Any CPU.Build.0 = Release|Any CPU
	EndGlobalSection
	GlobalSection(SolutionProperties) = preSolution
		HideSolutionNode = FALSE
	EndGlobalSection
	GlobalSection(ExtensibilityGlobals) = postSolution
		SolutionGuid = {0A00A953-C90D-46C7-AF2E-BD89EECA1F4E}
	EndGlobalSection
EndGlobal
